// !$*UTF8*$!
{
	archiveVersion = 1;
	classes = {
	};
	objectVersion = 50;
	objects = {

/* Begin PBXBuildFile section */
		69B4694B24F9910200BEDB30 /* AppDelegate.swift in Sources */ = {isa = PBXBuildFile; fileRef = 69B4694A24F9910200BEDB30 /* AppDelegate.swift */; };
		69B4694D24F9910200BEDB30 /* SceneDelegate.swift in Sources */ = {isa = PBXBuildFile; fileRef = 69B4694C24F9910200BEDB30 /* SceneDelegate.swift */; };
		69B4694F24F9910200BEDB30 /* ViewController.swift in Sources */ = {isa = PBXBuildFile; fileRef = 69B4694E24F9910200BEDB30 /* ViewController.swift */; };
		69B4695224F9910200BEDB30 /* Main.storyboard in Resources */ = {isa = PBXBuildFile; fileRef = 69B4695024F9910200BEDB30 /* Main.storyboard */; };
		69B4695424F9910600BEDB30 /* Assets.xcassets in Resources */ = {isa = PBXBuildFile; fileRef = 69B4695324F9910600BEDB30 /* Assets.xcassets */; };
		69B4695724F9910600BEDB30 /* LaunchScreen.storyboard in Resources */ = {isa = PBXBuildFile; fileRef = 69B4695524F9910600BEDB30 /* LaunchScreen.storyboard */; };
		69B4696524F9911600BEDB30 /* TDD_tutorial_mokacoding_comTests.swift in Sources */ = {isa = PBXBuildFile; fileRef = 69B4696424F9911600BEDB30 /* TDD_tutorial_mokacoding_comTests.swift */; };
		69B4696D24F9914300BEDB30 /* MenuDataSourceTests.swift in Sources */ = {isa = PBXBuildFile; fileRef = 69B4696C24F9914300BEDB30 /* MenuDataSourceTests.swift */; };
		69B4696F24F991D000BEDB30 /* MenuDataSource.swift in Sources */ = {isa = PBXBuildFile; fileRef = 69B4696E24F991D000BEDB30 /* MenuDataSource.swift */; };
		69B4697224F9966500BEDB30 /* Pizza.swift in Sources */ = {isa = PBXBuildFile; fileRef = 69B4697124F9966500BEDB30 /* Pizza.swift */; };
		69B4697624F999C600BEDB30 /* MenuItem.swift in Sources */ = {isa = PBXBuildFile; fileRef = 69B4697524F999C600BEDB30 /* MenuItem.swift */; };
/* End PBXBuildFile section */

/* Begin PBXContainerItemProxy section */
		69B4696724F9911600BEDB30 /* PBXContainerItemProxy */ = {
			isa = PBXContainerItemProxy;
			containerPortal = 69B4693F24F9910200BEDB30 /* Project object */;
			proxyType = 1;
			remoteGlobalIDString = 69B4694624F9910200BEDB30;
			remoteInfo = "TDD-tutorial-mokacoding.com";
		};
/* End PBXContainerItemProxy section */

/* Begin PBXFileReference section */
		69B4694724F9910200BEDB30 /* TDD-tutorial-mokacoding.com.app */ = {isa = PBXFileReference; explicitFileType = wrapper.application; includeInIndex = 0; path = "TDD-tutorial-mokacoding.com.app"; sourceTree = BUILT_PRODUCTS_DIR; };
		69B4694A24F9910200BEDB30 /* AppDelegate.swift */ = {isa = PBXFileReference; lastKnownFileType = sourcecode.swift; path = AppDelegate.swift; sourceTree = "<group>"; };
		69B4694C24F9910200BEDB30 /* SceneDelegate.swift */ = {isa = PBXFileReference; lastKnownFileType = sourcecode.swift; path = SceneDelegate.swift; sourceTree = "<group>"; };
		69B4694E24F9910200BEDB30 /* ViewController.swift */ = {isa = PBXFileReference; lastKnownFileType = sourcecode.swift; path = ViewController.swift; sourceTree = "<group>"; };
		69B4695124F9910200BEDB30 /* Base */ = {isa = PBXFileReference; lastKnownFileType = file.storyboard; name = Base; path = Base.lproj/Main.storyboard; sourceTree = "<group>"; };
		69B4695324F9910600BEDB30 /* Assets.xcassets */ = {isa = PBXFileReference; lastKnownFileType = folder.assetcatalog; path = Assets.xcassets; sourceTree = "<group>"; };
		69B4695624F9910600BEDB30 /* Base */ = {isa = PBXFileReference; lastKnownFileType = file.storyboard; name = Base; path = Base.lproj/LaunchScreen.storyboard; sourceTree = "<group>"; };
		69B4695824F9910600BEDB30 /* Info.plist */ = {isa = PBXFileReference; lastKnownFileType = text.plist.xml; path = Info.plist; sourceTree = "<group>"; };
		69B4696224F9911600BEDB30 /* TDD-tutorial-mokacoding.comTests.xctest */ = {isa = PBXFileReference; explicitFileType = wrapper.cfbundle; includeInIndex = 0; path = "TDD-tutorial-mokacoding.comTests.xctest"; sourceTree = BUILT_PRODUCTS_DIR; };
		69B4696424F9911600BEDB30 /* TDD_tutorial_mokacoding_comTests.swift */ = {isa = PBXFileReference; lastKnownFileType = sourcecode.swift; path = TDD_tutorial_mokacoding_comTests.swift; sourceTree = "<group>"; };
		69B4696624F9911600BEDB30 /* Info.plist */ = {isa = PBXFileReference; lastKnownFileType = text.plist.xml; path = Info.plist; sourceTree = "<group>"; };
		69B4696C24F9914300BEDB30 /* MenuDataSourceTests.swift */ = {isa = PBXFileReference; lastKnownFileType = sourcecode.swift; path = MenuDataSourceTests.swift; sourceTree = "<group>"; };
		69B4696E24F991D000BEDB30 /* MenuDataSource.swift */ = {isa = PBXFileReference; lastKnownFileType = sourcecode.swift; path = MenuDataSource.swift; sourceTree = "<group>"; };
		69B4697124F9966500BEDB30 /* Pizza.swift */ = {isa = PBXFileReference; lastKnownFileType = sourcecode.swift; path = Pizza.swift; sourceTree = "<group>"; };
		69B4697524F999C600BEDB30 /* MenuItem.swift */ = {isa = PBXFileReference; lastKnownFileType = sourcecode.swift; path = MenuItem.swift; sourceTree = "<group>"; };
/* End PBXFileReference section */

/* Begin PBXFrameworksBuildPhase section */
		69B4694424F9910200BEDB30 /* Frameworks */ = {
			isa = PBXFrameworksBuildPhase;
			buildActionMask = 2147483647;
			files = (
			);
			runOnlyForDeploymentPostprocessing = 0;
		};
		69B4695F24F9911600BEDB30 /* Frameworks */ = {
			isa = PBXFrameworksBuildPhase;
			buildActionMask = 2147483647;
			files = (
			);
			runOnlyForDeploymentPostprocessing = 0;
		};
/* End PBXFrameworksBuildPhase section */

/* Begin PBXGroup section */
		69B4693E24F9910200BEDB30 = {
			isa = PBXGroup;
			children = (
				69B4694924F9910200BEDB30 /* TDD-tutorial-mokacoding.com */,
				69B4696324F9911600BEDB30 /* TDD-tutorial-mokacoding.comTests */,
				69B4694824F9910200BEDB30 /* Products */,
			);
			sourceTree = "<group>";
		};
		69B4694824F9910200BEDB30 /* Products */ = {
			isa = PBXGroup;
			children = (
				69B4694724F9910200BEDB30 /* TDD-tutorial-mokacoding.com.app */,
				69B4696224F9911600BEDB30 /* TDD-tutorial-mokacoding.comTests.xctest */,
			);
			name = Products;
			sourceTree = "<group>";
		};
		69B4694924F9910200BEDB30 /* TDD-tutorial-mokacoding.com */ = {
			isa = PBXGroup;
			children = (
				69B4694A24F9910200BEDB30 /* AppDelegate.swift */,
				69B4694C24F9910200BEDB30 /* SceneDelegate.swift */,
				69B4694E24F9910200BEDB30 /* ViewController.swift */,
				69B4695024F9910200BEDB30 /* Main.storyboard */,
				69B4695324F9910600BEDB30 /* Assets.xcassets */,
				69B4695524F9910600BEDB30 /* LaunchScreen.storyboard */,
				69B4695824F9910600BEDB30 /* Info.plist */,
				69B4696E24F991D000BEDB30 /* MenuDataSource.swift */,
				69B4697124F9966500BEDB30 /* Pizza.swift */,
				69B4697524F999C600BEDB30 /* MenuItem.swift */,
			);
			path = "TDD-tutorial-mokacoding.com";
			sourceTree = "<group>";
		};
		69B4696324F9911600BEDB30 /* TDD-tutorial-mokacoding.comTests */ = {
			isa = PBXGroup;
			children = (
				69B4696C24F9914300BEDB30 /* MenuDataSourceTests.swift */,
				69B4696424F9911600BEDB30 /* TDD_tutorial_mokacoding_comTests.swift */,
				69B4696624F9911600BEDB30 /* Info.plist */,
			);
			path = "TDD-tutorial-mokacoding.comTests";
			sourceTree = "<group>";
		};
/* End PBXGroup section */

/* Begin PBXNativeTarget section */
		69B4694624F9910200BEDB30 /* TDD-tutorial-mokacoding.com */ = {
			isa = PBXNativeTarget;
			buildConfigurationList = 69B4695B24F9910600BEDB30 /* Build configuration list for PBXNativeTarget "TDD-tutorial-mokacoding.com" */;
			buildPhases = (
				69B4694324F9910200BEDB30 /* Sources */,
				69B4694424F9910200BEDB30 /* Frameworks */,
				69B4694524F9910200BEDB30 /* Resources */,
			);
			buildRules = (
			);
			dependencies = (
			);
			name = "TDD-tutorial-mokacoding.com";
			productName = "TDD-tutorial-mokacoding.com";
			productReference = 69B4694724F9910200BEDB30 /* TDD-tutorial-mokacoding.com.app */;
			productType = "com.apple.product-type.application";
		};
		69B4696124F9911600BEDB30 /* TDD-tutorial-mokacoding.comTests */ = {
			isa = PBXNativeTarget;
			buildConfigurationList = 69B4696924F9911600BEDB30 /* Build configuration list for PBXNativeTarget "TDD-tutorial-mokacoding.comTests" */;
			buildPhases = (
				69B4695E24F9911600BEDB30 /* Sources */,
				69B4695F24F9911600BEDB30 /* Frameworks */,
				69B4696024F9911600BEDB30 /* Resources */,
			);
			buildRules = (
			);
			dependencies = (
				69B4696824F9911600BEDB30 /* PBXTargetDependency */,
			);
			name = "TDD-tutorial-mokacoding.comTests";
			productName = "TDD-tutorial-mokacoding.comTests";
			productReference = 69B4696224F9911600BEDB30 /* TDD-tutorial-mokacoding.comTests.xctest */;
			productType = "com.apple.product-type.bundle.unit-test";
		};
/* End PBXNativeTarget section */

/* Begin PBXProject section */
		69B4693F24F9910200BEDB30 /* Project object */ = {
			isa = PBXProject;
			attributes = {
				LastSwiftUpdateCheck = 1160;
				LastUpgradeCheck = 1160;
				ORGANIZATIONNAME = "Murilo Teixeira";
				TargetAttributes = {
					69B4694624F9910200BEDB30 = {
						CreatedOnToolsVersion = 11.6;
					};
					69B4696124F9911600BEDB30 = {
						CreatedOnToolsVersion = 11.6;
						TestTargetID = 69B4694624F9910200BEDB30;
					};
				};
			};
			buildConfigurationList = 69B4694224F9910200BEDB30 /* Build configuration list for PBXProject "TDD-tutorial-mokacoding.com" */;
			compatibilityVersion = "Xcode 9.3";
			developmentRegion = en;
			hasScannedForEncodings = 0;
			knownRegions = (
				en,
				Base,
			);
			mainGroup = 69B4693E24F9910200BEDB30;
			productRefGroup = 69B4694824F9910200BEDB30 /* Products */;
			projectDirPath = "";
			projectRoot = "";
			targets = (
				69B4694624F9910200BEDB30 /* TDD-tutorial-mokacoding.com */,
				69B4696124F9911600BEDB30 /* TDD-tutorial-mokacoding.comTests */,
			);
		};
/* End PBXProject section */

/* Begin PBXResourcesBuildPhase section */
		69B4694524F9910200BEDB30 /* Resources */ = {
			isa = PBXResourcesBuildPhase;
			buildActionMask = 2147483647;
			files = (
				69B4695724F9910600BEDB30 /* LaunchScreen.storyboard in Resources */,
				69B4695424F9910600BEDB30 /* Assets.xcassets in Resources */,
				69B4695224F9910200BEDB30 /* Main.storyboard in Resources */,
			);
			runOnlyForDeploymentPostprocessing = 0;
		};
		69B4696024F9911600BEDB30 /* Resources */ = {
			isa = PBXResourcesBuildPhase;
			buildActionMask = 2147483647;
			files = (
			);
			runOnlyForDeploymentPostprocessing = 0;
		};
/* End PBXResourcesBuildPhase section */

/* Begin PBXSourcesBuildPhase section */
		69B4694324F9910200BEDB30 /* Sources */ = {
			isa = PBXSourcesBuildPhase;
			buildActionMask = 2147483647;
			files = (
				69B4697624F999C600BEDB30 /* MenuItem.swift in Sources */,
				69B4694F24F9910200BEDB30 /* ViewController.swift in Sources */,
				69B4694B24F9910200BEDB30 /* AppDelegate.swift in Sources */,
				69B4694D24F9910200BEDB30 /* SceneDelegate.swift in Sources */,
				69B4697224F9966500BEDB30 /* Pizza.swift in Sources */,
				69B4696F24F991D000BEDB30 /* MenuDataSource.swift in Sources */,
			);
			runOnlyForDeploymentPostprocessing = 0;
		};
		69B4695E24F9911600BEDB30 /* Sources */ = {
			isa = PBXSourcesBuildPhase;
			buildActionMask = 2147483647;
			files = (
				69B4696524F9911600BEDB30 /* TDD_tutorial_mokacoding_comTests.swift in Sources */,
				69B4696D24F9914300BEDB30 /* MenuDataSourceTests.swift in Sources */,
			);
			runOnlyForDeploymentPostprocessing = 0;
		};
/* End PBXSourcesBuildPhase section */

/* Begin PBXTargetDependency section */
		69B4696824F9911600BEDB30 /* PBXTargetDependency */ = {
			isa = PBXTargetDependency;
			target = 69B4694624F9910200BEDB30 /* TDD-tutorial-mokacoding.com */;
			targetProxy = 69B4696724F9911600BEDB30 /* PBXContainerItemProxy */;
		};
/* End PBXTargetDependency section */

/* Begin PBXVariantGroup section */
		69B4695024F9910200BEDB30 /* Main.storyboard */ = {
			isa = PBXVariantGroup;
			children = (
				69B4695124F9910200BEDB30 /* Base */,
			);
			name = Main.storyboard;
			sourceTree = "<group>";
		};
		69B4695524F9910600BEDB30 /* LaunchScreen.storyboard */ = {
			isa = PBXVariantGroup;
			children = (
				69B4695624F9910600BEDB30 /* Base */,
			);
			name = LaunchScreen.storyboard;
			sourceTree = "<group>";
		};
/* End PBXVariantGroup section */

/* Begin XCBuildConfiguration section */
		69B4695924F9910600BEDB30 /* Debug */ = {
			isa = XCBuildConfiguration;
			buildSettings = {
				ALWAYS_SEARCH_USER_PATHS = NO;
				CLANG_ANALYZER_NONNULL = YES;
				CLANG_ANALYZER_NUMBER_OBJECT_CONVERSION = YES_AGGRESSIVE;
				CLANG_CXX_LANGUAGE_STANDARD = "gnu++14";
				CLANG_CXX_LIBRARY = "libc++";
				CLANG_ENABLE_MODULES = YES;
				CLANG_ENABLE_OBJC_ARC = YES;
				CLANG_ENABLE_OBJC_WEAK = YES;
				CLANG_WARN_BLOCK_CAPTURE_AUTORELEASING = YES;
				CLANG_WARN_BOOL_CONVERSION = YES;
				CLANG_WARN_COMMA = YES;
				CLANG_WARN_CONSTANT_CONVERSION = YES;
				CLANG_WARN_DEPRECATED_OBJC_IMPLEMENTATIONS = YES;
				CLANG_WARN_DIRECT_OBJC_ISA_USAGE = YES_ERROR;
				CLANG_WARN_DOCUMENTATION_COMMENTS = YES;
				CLANG_WARN_EMPTY_BODY = YES;
				CLANG_WARN_ENUM_CONVERSION = YES;
				CLANG_WARN_INFINITE_RECURSION = YES;
				CLANG_WARN_INT_CONVERSION = YES;
				CLANG_WARN_NON_LITERAL_NULL_CONVERSION = YES;
				CLANG_WARN_OBJC_IMPLICIT_RETAIN_SELF = YES;
				CLANG_WARN_OBJC_LITERAL_CONVERSION = YES;
				CLANG_WARN_OBJC_ROOT_CLASS = YES_ERROR;
				CLANG_WARN_RANGE_LOOP_ANALYSIS = YES;
				CLANG_WARN_STRICT_PROTOTYPES = YES;
				CLANG_WARN_SUSPICIOUS_MOVE = YES;
				CLANG_WARN_UNGUARDED_AVAILABILITY = YES_AGGRESSIVE;
				CLANG_WARN_UNREACHABLE_CODE = YES;
				CLANG_WARN__DUPLICATE_METHOD_MATCH = YES;
				COPY_PHASE_STRIP = NO;
				DEBUG_INFORMATION_FORMAT = dwarf;
				ENABLE_STRICT_OBJC_MSGSEND = YES;
				ENABLE_TESTABILITY = YES;
				GCC_C_LANGUAGE_STANDARD = gnu11;
				GCC_DYNAMIC_NO_PIC = NO;
				GCC_NO_COMMON_BLOCKS = YES;
				GCC_OPTIMIZATION_LEVEL = 0;
				GCC_PREPROCESSOR_DEFINITIONS = (
					"DEBUG=1",
					"$(inherited)",
				);
				GCC_WARN_64_TO_32_BIT_CONVERSION = YES;
				GCC_WARN_ABOUT_RETURN_TYPE = YES_ERROR;
				GCC_WARN_UNDECLARED_SELECTOR = YES;
				GCC_WARN_UNINITIALIZED_AUTOS = YES_AGGRESSIVE;
				GCC_WARN_UNUSED_FUNCTION = YES;
				GCC_WARN_UNUSED_VARIABLE = YES;
				IPHONEOS_DEPLOYMENT_TARGET = 13.6;
				MTL_ENABLE_DEBUG_INFO = INCLUDE_SOURCE;
				MTL_FAST_MATH = YES;
				ONLY_ACTIVE_ARCH = YES;
				SDKROOT = iphoneos;
				SWIFT_ACTIVE_COMPILATION_CONDITIONS = DEBUG;
				SWIFT_OPTIMIZATION_LEVEL = "-Onone";
			};
			name = Debug;
		};
		69B4695A24F9910600BEDB30 /* Release */ = {
			isa = XCBuildConfiguration;
			buildSettings = {
				ALWAYS_SEARCH_USER_PATHS = NO;
				CLANG_ANALYZER_NONNULL = YES;
				CLANG_ANALYZER_NUMBER_OBJECT_CONVERSION = YES_AGGRESSIVE;
				CLANG_CXX_LANGUAGE_STANDARD = "gnu++14";
				CLANG_CXX_LIBRARY = "libc++";
				CLANG_ENABLE_MODULES = YES;
				CLANG_ENABLE_OBJC_ARC = YES;
				CLANG_ENABLE_OBJC_WEAK = YES;
				CLANG_WARN_BLOCK_CAPTURE_AUTORELEASING = YES;
				CLANG_WARN_BOOL_CONVERSION = YES;
				CLANG_WARN_COMMA = YES;
				CLANG_WARN_CONSTANT_CONVERSION = YES;
				CLANG_WARN_DEPRECATED_OBJC_IMPLEMENTATIONS = YES;
				CLANG_WARN_DIRECT_OBJC_ISA_USAGE = YES_ERROR;
				CLANG_WARN_DOCUMENTATION_COMMENTS = YES;
				CLANG_WARN_EMPTY_BODY = YES;
				CLANG_WARN_ENUM_CONVERSION = YES;
				CLANG_WARN_INFINITE_RECURSION = YES;
				CLANG_WARN_INT_CONVERSION = YES;
				CLANG_WARN_NON_LITERAL_NULL_CONVERSION = YES;
				CLANG_WARN_OBJC_IMPLICIT_RETAIN_SELF = YES;
				CLANG_WARN_OBJC_LITERAL_CONVERSION = YES;
				CLANG_WARN_OBJC_ROOT_CLASS = YES_ERROR;
				CLANG_WARN_RANGE_LOOP_ANALYSIS = YES;
				CLANG_WARN_STRICT_PROTOTYPES = YES;
				CLANG_WARN_SUSPICIOUS_MOVE = YES;
				CLANG_WARN_UNGUARDED_AVAILABILITY = YES_AGGRESSIVE;
				CLANG_WARN_UNREACHABLE_CODE = YES;
				CLANG_WARN__DUPLICATE_METHOD_MATCH = YES;
				COPY_PHASE_STRIP = NO;
				DEBUG_INFORMATION_FORMAT = "dwarf-with-dsym";
				ENABLE_NS_ASSERTIONS = NO;
				ENABLE_STRICT_OBJC_MSGSEND = YES;
				GCC_C_LANGUAGE_STANDARD = gnu11;
				GCC_NO_COMMON_BLOCKS = YES;
				GCC_WARN_64_TO_32_BIT_CONVERSION = YES;
				GCC_WARN_ABOUT_RETURN_TYPE = YES_ERROR;
				GCC_WARN_UNDECLARED_SELECTOR = YES;
				GCC_WARN_UNINITIALIZED_AUTOS = YES_AGGRESSIVE;
				GCC_WARN_UNUSED_FUNCTION = YES;
				GCC_WARN_UNUSED_VARIABLE = YES;
				IPHONEOS_DEPLOYMENT_TARGET = 13.6;
				MTL_ENABLE_DEBUG_INFO = NO;
				MTL_FAST_MATH = YES;
				SDKROOT = iphoneos;
				SWIFT_COMPILATION_MODE = wholemodule;
				SWIFT_OPTIMIZATION_LEVEL = "-O";
				VALIDATE_PRODUCT = YES;
			};
			name = Release;
		};
		69B4695C24F9910600BEDB30 /* Debug */ = {
			isa = XCBuildConfiguration;
			buildSettings = {
				ASSETCATALOG_COMPILER_APPICON_NAME = AppIcon;
				CODE_SIGN_STYLE = Automatic;
				DEVELOPMENT_TEAM = 6R4QWP27L3;
				INFOPLIST_FILE = "TDD-tutorial-mokacoding.com/Info.plist";
				LD_RUNPATH_SEARCH_PATHS = (
					"$(inherited)",
					"@executable_path/Frameworks",
				);
				PRODUCT_BUNDLE_IDENTIFIER = "com.teixeira.murilo.TDD-tutorial-mokacoding-com";
				PRODUCT_NAME = "$(TARGET_NAME)";
				SWIFT_VERSION = 5.0;
				TARGETED_DEVICE_FAMILY = "1,2";
			};
			name = Debug;
		};
		69B4695D24F9910600BEDB30 /* Release */ = {
			isa = XCBuildConfiguration;
			buildSettings = {
				ASSETCATALOG_COMPILER_APPICON_NAME = AppIcon;
				CODE_SIGN_STYLE = Automatic;
				DEVELOPMENT_TEAM = 6R4QWP27L3;
				INFOPLIST_FILE = "TDD-tutorial-mokacoding.com/Info.plist";
				LD_RUNPATH_SEARCH_PATHS = (
					"$(inherited)",
					"@executable_path/Frameworks",
				);
				PRODUCT_BUNDLE_IDENTIFIER = "com.teixeira.murilo.TDD-tutorial-mokacoding-com";
				PRODUCT_NAME = "$(TARGET_NAME)";
				SWIFT_VERSION = 5.0;
				TARGETED_DEVICE_FAMILY = "1,2";
			};
			name = Release;
		};
		69B4696A24F9911600BEDB30 /* Debug */ = {
			isa = XCBuildConfiguration;
			buildSettings = {
				BUNDLE_LOADER = "$(TEST_HOST)";
				CODE_SIGN_STYLE = Automatic;
				DEVELOPMENT_TEAM = 6R4QWP27L3;
				INFOPLIST_FILE = "TDD-tutorial-mokacoding.comTests/Info.plist";
				LD_RUNPATH_SEARCH_PATHS = (
					"$(inherited)",
					"@executable_path/Frameworks",
					"@loader_path/Frameworks",
				);
				PRODUCT_BUNDLE_IDENTIFIER = "com.teixeira.murilo.TDD-tutorial-mokacoding-comTests";
				PRODUCT_NAME = "$(TARGET_NAME)";
				SWIFT_VERSION = 5.0;
				TARGETED_DEVICE_FAMILY = "1,2";
				TEST_HOST = "$(BUILT_PRODUCTS_DIR)/TDD-tutorial-mokacoding.com.app/TDD-tutorial-mokacoding.com";
			};
			name = Debug;
		};
		69B4696B24F9911600BEDB30 /* Release */ = {
			isa = XCBuildConfiguration;
			buildSettings = {
				BUNDLE_LOADER = "$(TEST_HOST)";
				CODE_SIGN_STYLE = Automatic;
				DEVELOPMENT_TEAM = 6R4QWP27L3;
				INFOPLIST_FILE = "TDD-tutorial-mokacoding.comTests/Info.plist";
				LD_RUNPATH_SEARCH_PATHS = (
					"$(inherited)",
					"@executable_path/Frameworks",
					"@loader_path/Frameworks",
				);
				PRODUCT_BUNDLE_IDENTIFIER = "com.teixeira.murilo.TDD-tutorial-mokacoding-comTests";
				PRODUCT_NAME = "$(TARGET_NAME)";
				SWIFT_VERSION = 5.0;
				TARGETED_DEVICE_FAMILY = "1,2";
				TEST_HOST = "$(BUILT_PRODUCTS_DIR)/TDD-tutorial-mokacoding.com.app/TDD-tutorial-mokacoding.com";
			};
			name = Release;
		};
/* End XCBuildConfiguration section */

/* Begin XCConfigurationList section */
		69B4694224F9910200BEDB30 /* Build configuration list for PBXProject "TDD-tutorial-mokacoding.com" */ = {
			isa = XCConfigurationList;
			buildConfigurations = (
				69B4695924F9910600BEDB30 /* Debug */,
				69B4695A24F9910600BEDB30 /* Release */,
			);
			defaultConfigurationIsVisible = 0;
			defaultConfigurationName = Release;
		};
		69B4695B24F9910600BEDB30 /* Build configuration list for PBXNativeTarget "TDD-tutorial-mokacoding.com" */ = {
			isa = XCConfigurationList;
			buildConfigurations = (
				69B4695C24F9910600BEDB30 /* Debug */,
				69B4695D24F9910600BEDB30 /* Release */,
			);
			defaultConfigurationIsVisible = 0;
			defaultConfigurationName = Release;
		};
		69B4696924F9911600BEDB30 /* Build configuration list for PBXNativeTarget "TDD-tutorial-mokacoding.comTests" */ = {
			isa = XCConfigurationList;
			buildConfigurations = (
				69B4696A24F9911600BEDB30 /* Debug */,
				69B4696B24F9911600BEDB30 /* Release */,
			);
			defaultConfigurationIsVisible = 0;
			defaultConfigurationName = Release;
		};
/* End XCConfigurationList section */
	};
	rootObject = 69B4693F24F9910200BEDB30 /* Project object */;
}
